
Microsoft Visual Studio Solution File, Format Version 12.00
# Visual Studio Version 17
VisualStudioVersion = 17.8.34525.116
MinimumVisualStudioVersion = 10.0.40219.1
Project("{9A19103F-16F7-4668-BE54-9A1E7A4F7556}") = "MyML", "MyML\MyML.csproj", "{DEE52F40-3A45-4328-AF79-4F29D898ADBA}"
EndProject
Project("{9A19103F-16F7-4668-BE54-9A1E7A4F7556}") = "Test", "Test\Test.csproj", "{ED293204-CC74-4234-8F2A-40AD32D434F7}"
EndProject
Project("{FAE04EC0-301F-11D3-BF4B-00C04F79EFBC}") = "LR2Form", "LR2Form\LR2Form.csproj", "{845FAF94-4DD9-413B-BFBE-27CACEE1C675}"
EndProject
Global
	GlobalSection(SolutionConfigurationPlatforms) = preSolution
		Debug|Any CPU = Debug|Any CPU
		Release|Any CPU = Release|Any CPU
	EndGlobalSection
	GlobalSection(ProjectConfigurationPlatforms) = postSolution
		{DEE52F40-3A45-4328-AF79-4F29D898ADBA}.Debug|Any CPU.ActiveCfg = Debug|Any CPU
		{DEE52F40-3A45-4328-AF79-4F29D898ADBA}.Debug|Any CPU.Build.0 = Debug|Any CPU
		{DEE52F40-3A45-4328-AF79-4F29D898ADBA}.Release|Any CPU.ActiveCfg = Release|Any CPU
		{DEE52F40-3A45-4328-AF79-4F29D898ADBA}.Release|Any CPU.Build.0 = Release|Any CPU
		{ED293204-CC74-4234-8F2A-40AD32D434F7}.Debug|Any CPU.ActiveCfg = Debug|Any CPU
		{ED293204-CC74-4234-8F2A-40AD32D434F7}.Debug|Any CPU.Build.0 = Debug|Any CPU
		{ED293204-CC74-4234-8F2A-40AD32D434F7}.Release|Any CPU.ActiveCfg = Release|Any CPU
		{ED293204-CC74-4234-8F2A-40AD32D434F7}.Release|Any CPU.Build.0 = Release|Any CPU
		{845FAF94-4DD9-413B-BFBE-27CACEE1C675}.Debug|Any CPU.ActiveCfg = Debug|Any CPU
		{845FAF94-4DD9-413B-BFBE-27CACEE1C675}.Debug|Any CPU.Build.0 = Debug|Any CPU
		{845FAF94-4DD9-413B-BFBE-27CACEE1C675}.Release|Any CPU.ActiveCfg = Release|Any CPU
		{845FAF94-4DD9-413B-BFBE-27CACEE1C675}.Release|Any CPU.Build.0 = Release|Any CPU
	EndGlobalSection
	GlobalSection(SolutionProperties) = preSolution
		HideSolutionNode = FALSE
	EndGlobalSection
	GlobalSection(ExtensibilityGlobals) = postSolution
		SolutionGuid = {D464801F-B252-49E9-BBEA-5FD6E7D028FF}
	EndGlobalSection
EndGlobal
